// !$*UTF8*$!
{
	archiveVersion = 1;
	classes = {
	};
	objectVersion = 55;
	objects = {

/* Begin PBXBuildFile section */
		3A163F652816AC0500354250 /* AppDelegate.swift in Sources */ = {isa = PBXBuildFile; fileRef = 3A163F642816AC0500354250 /* AppDelegate.swift */; };
		3A163F672816AC0500354250 /* SceneDelegate.swift in Sources */ = {isa = PBXBuildFile; fileRef = 3A163F662816AC0500354250 /* SceneDelegate.swift */; };
		3A163F692816AC0500354250 /* AuthorizationViewController.swift in Sources */ = {isa = PBXBuildFile; fileRef = 3A163F682816AC0500354250 /* AuthorizationViewController.swift */; };
		3A163F6E2816AC0600354250 /* Assets.xcassets in Resources */ = {isa = PBXBuildFile; fileRef = 3A163F6D2816AC0600354250 /* Assets.xcassets */; };
		3A163F712816AC0600354250 /* LaunchScreen.storyboard in Resources */ = {isa = PBXBuildFile; fileRef = 3A163F6F2816AC0600354250 /* LaunchScreen.storyboard */; };
		3A163F7A2816AE2E00354250 /* TabBarController.swift in Sources */ = {isa = PBXBuildFile; fileRef = 3A163F792816AE2E00354250 /* TabBarController.swift */; };
		3A163F7D2816AF5800354250 /* AuthManager.swift in Sources */ = {isa = PBXBuildFile; fileRef = 3A163F7C2816AF5800354250 /* AuthManager.swift */; };
		3A163F802816AFA900354250 /* Logger.swift in Sources */ = {isa = PBXBuildFile; fileRef = 3A163F7F2816AFA900354250 /* Logger.swift */; };
		3A163F822816B0BB00354250 /* CaseOneViewController.swift in Sources */ = {isa = PBXBuildFile; fileRef = 3A163F812816B0BB00354250 /* CaseOneViewController.swift */; };
		3A163F852816B13200354250 /* AuthResponse.swift in Sources */ = {isa = PBXBuildFile; fileRef = 3A163F842816B13200354250 /* AuthResponse.swift */; };
		3A163F872816F62D00354250 /* APICaller.swift in Sources */ = {isa = PBXBuildFile; fileRef = 3A163F862816F62D00354250 /* APICaller.swift */; };
/* End PBXBuildFile section */

/* Begin PBXFileReference section */
		3A163F612816AC0500354250 /* Instafetcher.app */ = {isa = PBXFileReference; explicitFileType = wrapper.application; includeInIndex = 0; path = Instafetcher.app; sourceTree = BUILT_PRODUCTS_DIR; };
		3A163F642816AC0500354250 /* AppDelegate.swift */ = {isa = PBXFileReference; lastKnownFileType = sourcecode.swift; path = AppDelegate.swift; sourceTree = "<group>"; };
		3A163F662816AC0500354250 /* SceneDelegate.swift */ = {isa = PBXFileReference; lastKnownFileType = sourcecode.swift; path = SceneDelegate.swift; sourceTree = "<group>"; };
		3A163F682816AC0500354250 /* AuthorizationViewController.swift */ = {isa = PBXFileReference; lastKnownFileType = sourcecode.swift; path = AuthorizationViewController.swift; sourceTree = "<group>"; };
		3A163F6D2816AC0600354250 /* Assets.xcassets */ = {isa = PBXFileReference; lastKnownFileType = folder.assetcatalog; path = Assets.xcassets; sourceTree = "<group>"; };
		3A163F702816AC0600354250 /* Base */ = {isa = PBXFileReference; lastKnownFileType = file.storyboard; name = Base; path = Base.lproj/LaunchScreen.storyboard; sourceTree = "<group>"; };
		3A163F722816AC0600354250 /* Info.plist */ = {isa = PBXFileReference; lastKnownFileType = text.plist.xml; path = Info.plist; sourceTree = "<group>"; };
		3A163F792816AE2E00354250 /* TabBarController.swift */ = {isa = PBXFileReference; lastKnownFileType = sourcecode.swift; path = TabBarController.swift; sourceTree = "<group>"; };
		3A163F7C2816AF5800354250 /* AuthManager.swift */ = {isa = PBXFileReference; lastKnownFileType = sourcecode.swift; path = AuthManager.swift; sourceTree = "<group>"; };
		3A163F7F2816AFA900354250 /* Logger.swift */ = {isa = PBXFileReference; lastKnownFileType = sourcecode.swift; path = Logger.swift; sourceTree = "<group>"; };
		3A163F812816B0BB00354250 /* CaseOneViewController.swift */ = {isa = PBXFileReference; lastKnownFileType = sourcecode.swift; path = CaseOneViewController.swift; sourceTree = "<group>"; };
		3A163F842816B13200354250 /* AuthResponse.swift */ = {isa = PBXFileReference; lastKnownFileType = sourcecode.swift; path = AuthResponse.swift; sourceTree = "<group>"; };
		3A163F862816F62D00354250 /* APICaller.swift */ = {isa = PBXFileReference; lastKnownFileType = sourcecode.swift; path = APICaller.swift; sourceTree = "<group>"; };
/* End PBXFileReference section */

/* Begin PBXFrameworksBuildPhase section */
		3A163F5E2816AC0500354250 /* Frameworks */ = {
			isa = PBXFrameworksBuildPhase;
			buildActionMask = 2147483647;
			files = (
			);
			runOnlyForDeploymentPostprocessing = 0;
		};
/* End PBXFrameworksBuildPhase section */

/* Begin PBXGroup section */
		3A163F582816AC0500354250 = {
			isa = PBXGroup;
			children = (
				3A163F7B2816AF4300354250 /* Helpers */,
				3A163F632816AC0500354250 /* Instafetcher */,
				3A163F832816B12500354250 /* Models */,
				3A163F622816AC0500354250 /* Products */,
				3A163F782816AE0C00354250 /* Screens */,
			);
			sourceTree = "<group>";
		};
		3A163F622816AC0500354250 /* Products */ = {
			isa = PBXGroup;
			children = (
				3A163F612816AC0500354250 /* Instafetcher.app */,
			);
			name = Products;
			sourceTree = "<group>";
		};
		3A163F632816AC0500354250 /* Instafetcher */ = {
			isa = PBXGroup;
			children = (
				3A163F642816AC0500354250 /* AppDelegate.swift */,
				3A163F6D2816AC0600354250 /* Assets.xcassets */,
				3A163F722816AC0600354250 /* Info.plist */,
				3A163F6F2816AC0600354250 /* LaunchScreen.storyboard */,
				3A163F662816AC0500354250 /* SceneDelegate.swift */,
				3A163F792816AE2E00354250 /* TabBarController.swift */,
			);
			path = Instafetcher;
			sourceTree = "<group>";
		};
		3A163F782816AE0C00354250 /* Screens */ = {
			isa = PBXGroup;
			children = (
				3A163F682816AC0500354250 /* AuthorizationViewController.swift */,
				3A163F812816B0BB00354250 /* CaseOneViewController.swift */,
			);
			path = Screens;
			sourceTree = "<group>";
		};
		3A163F7B2816AF4300354250 /* Helpers */ = {
			isa = PBXGroup;
			children = (
				3A163F7C2816AF5800354250 /* AuthManager.swift */,
				3A163F7F2816AFA900354250 /* Logger.swift */,
				3A163F862816F62D00354250 /* APICaller.swift */,
			);
			path = Helpers;
			sourceTree = "<group>";
		};
		3A163F832816B12500354250 /* Models */ = {
			isa = PBXGroup;
			children = (
				3A163F842816B13200354250 /* AuthResponse.swift */,
			);
			path = Models;
			sourceTree = "<group>";
		};
/* End PBXGroup section */

/* Begin PBXNativeTarget section */
		3A163F602816AC0500354250 /* Instafetcher */ = {
			isa = PBXNativeTarget;
			buildConfigurationList = 3A163F752816AC0600354250 /* Build configuration list for PBXNativeTarget "Instafetcher" */;
			buildPhases = (
				3A163F5D2816AC0500354250 /* Sources */,
				3A163F5E2816AC0500354250 /* Frameworks */,
				3A163F5F2816AC0500354250 /* Resources */,
			);
			buildRules = (
			);
			dependencies = (
			);
			name = Instafetcher;
			productName = Instafetcher;
			productReference = 3A163F612816AC0500354250 /* Instafetcher.app */;
			productType = "com.apple.product-type.application";
		};
/* End PBXNativeTarget section */

/* Begin PBXProject section */
		3A163F592816AC0500354250 /* Project object */ = {
			isa = PBXProject;
			attributes = {
				BuildIndependentTargetsInParallel = 1;
				LastSwiftUpdateCheck = 1320;
				LastUpgradeCheck = 1320;
				TargetAttributes = {
					3A163F602816AC0500354250 = {
						CreatedOnToolsVersion = 13.2.1;
					};
				};
			};
			buildConfigurationList = 3A163F5C2816AC0500354250 /* Build configuration list for PBXProject "Instafetcher" */;
			compatibilityVersion = "Xcode 13.0";
			developmentRegion = en;
			hasScannedForEncodings = 0;
			knownRegions = (
				en,
				Base,
			);
			mainGroup = 3A163F582816AC0500354250;
			productRefGroup = 3A163F622816AC0500354250 /* Products */;
			projectDirPath = "";
			projectRoot = "";
			targets = (
				3A163F602816AC0500354250 /* Instafetcher */,
			);
		};
/* End PBXProject section */

/* Begin PBXResourcesBuildPhase section */
		3A163F5F2816AC0500354250 /* Resources */ = {
			isa = PBXResourcesBuildPhase;
			buildActionMask = 2147483647;
			files = (
				3A163F712816AC0600354250 /* LaunchScreen.storyboard in Resources */,
				3A163F6E2816AC0600354250 /* Assets.xcassets in Resources */,
			);
			runOnlyForDeploymentPostprocessing = 0;
		};
/* End PBXResourcesBuildPhase section */

/* Begin PBXSourcesBuildPhase section */
		3A163F5D2816AC0500354250 /* Sources */ = {
			isa = PBXSourcesBuildPhase;
			buildActionMask = 2147483647;
			files = (
				3A163F692816AC0500354250 /* AuthorizationViewController.swift in Sources */,
				3A163F822816B0BB00354250 /* CaseOneViewController.swift in Sources */,
				3A163F802816AFA900354250 /* Logger.swift in Sources */,
				3A163F7A2816AE2E00354250 /* TabBarController.swift in Sources */,
				3A163F872816F62D00354250 /* APICaller.swift in Sources */,
				3A163F652816AC0500354250 /* AppDelegate.swift in Sources */,
				3A163F672816AC0500354250 /* SceneDelegate.swift in Sources */,
				3A163F852816B13200354250 /* AuthResponse.swift in Sources */,
				3A163F7D2816AF5800354250 /* AuthManager.swift in Sources */,
			);
			runOnlyForDeploymentPostprocessing = 0;
		};
/* End PBXSourcesBuildPhase section */

/* Begin PBXVariantGroup section */
		3A163F6F2816AC0600354250 /* LaunchScreen.storyboard */ = {
			isa = PBXVariantGroup;
			children = (
				3A163F702816AC0600354250 /* Base */,
			);
			name = LaunchScreen.storyboard;
			sourceTree = "<group>";
		};
/* End PBXVariantGroup section */

/* Begin XCBuildConfiguration section */
		3A163F732816AC0600354250 /* Debug */ = {
			isa = XCBuildConfiguration;
			buildSettings = {
				ALWAYS_SEARCH_USER_PATHS = NO;
				CLANG_ANALYZER_NONNULL = YES;
				CLANG_ANALYZER_NUMBER_OBJECT_CONVERSION = YES_AGGRESSIVE;
				CLANG_CXX_LANGUAGE_STANDARD = "gnu++17";
				CLANG_CXX_LIBRARY = "libc++";
				CLANG_ENABLE_MODULES = YES;
				CLANG_ENABLE_OBJC_ARC = YES;
				CLANG_ENABLE_OBJC_WEAK = YES;
				CLANG_WARN_BLOCK_CAPTURE_AUTORELEASING = YES;
				CLANG_WARN_BOOL_CONVERSION = YES;
				CLANG_WARN_COMMA = YES;
				CLANG_WARN_CONSTANT_CONVERSION = YES;
				CLANG_WARN_DEPRECATED_OBJC_IMPLEMENTATIONS = YES;
				CLANG_WARN_DIRECT_OBJC_ISA_USAGE = YES_ERROR;
				CLANG_WARN_DOCUMENTATION_COMMENTS = YES;
				CLANG_WARN_EMPTY_BODY = YES;
				CLANG_WARN_ENUM_CONVERSION = YES;
				CLANG_WARN_INFINITE_RECURSION = YES;
				CLANG_WARN_INT_CONVERSION = YES;
				CLANG_WARN_NON_LITERAL_NULL_CONVERSION = YES;
				CLANG_WARN_OBJC_IMPLICIT_RETAIN_SELF = YES;
				CLANG_WARN_OBJC_LITERAL_CONVERSION = YES;
				CLANG_WARN_OBJC_ROOT_CLASS = YES_ERROR;
				CLANG_WARN_QUOTED_INCLUDE_IN_FRAMEWORK_HEADER = YES;
				CLANG_WARN_RANGE_LOOP_ANALYSIS = YES;
				CLANG_WARN_STRICT_PROTOTYPES = YES;
				CLANG_WARN_SUSPICIOUS_MOVE = YES;
				CLANG_WARN_UNGUARDED_AVAILABILITY = YES_AGGRESSIVE;
				CLANG_WARN_UNREACHABLE_CODE = YES;
				CLANG_WARN__DUPLICATE_METHOD_MATCH = YES;
				COPY_PHASE_STRIP = NO;
				DEBUG_INFORMATION_FORMAT = dwarf;
				ENABLE_STRICT_OBJC_MSGSEND = YES;
				ENABLE_TESTABILITY = YES;
				GCC_C_LANGUAGE_STANDARD = gnu11;
				GCC_DYNAMIC_NO_PIC = NO;
				GCC_NO_COMMON_BLOCKS = YES;
				GCC_OPTIMIZATION_LEVEL = 0;
				GCC_PREPROCESSOR_DEFINITIONS = (
					"DEBUG=1",
					"$(inherited)",
				);
				GCC_WARN_64_TO_32_BIT_CONVERSION = YES;
				GCC_WARN_ABOUT_RETURN_TYPE = YES_ERROR;
				GCC_WARN_UNDECLARED_SELECTOR = YES;
				GCC_WARN_UNINITIALIZED_AUTOS = YES_AGGRESSIVE;
				GCC_WARN_UNUSED_FUNCTION = YES;
				GCC_WARN_UNUSED_VARIABLE = YES;
				IPHONEOS_DEPLOYMENT_TARGET = 14.0;
				MTL_ENABLE_DEBUG_INFO = INCLUDE_SOURCE;
				MTL_FAST_MATH = YES;
				ONLY_ACTIVE_ARCH = YES;
				SDKROOT = iphoneos;
				SWIFT_ACTIVE_COMPILATION_CONDITIONS = DEBUG;
				SWIFT_OPTIMIZATION_LEVEL = "-Onone";
			};
			name = Debug;
		};
		3A163F742816AC0600354250 /* Release */ = {
			isa = XCBuildConfiguration;
			buildSettings = {
				ALWAYS_SEARCH_USER_PATHS = NO;
				CLANG_ANALYZER_NONNULL = YES;
				CLANG_ANALYZER_NUMBER_OBJECT_CONVERSION = YES_AGGRESSIVE;
				CLANG_CXX_LANGUAGE_STANDARD = "gnu++17";
				CLANG_CXX_LIBRARY = "libc++";
				CLANG_ENABLE_MODULES = YES;
				CLANG_ENABLE_OBJC_ARC = YES;
				CLANG_ENABLE_OBJC_WEAK = YES;
				CLANG_WARN_BLOCK_CAPTURE_AUTORELEASING = YES;
				CLANG_WARN_BOOL_CONVERSION = YES;
				CLANG_WARN_COMMA = YES;
				CLANG_WARN_CONSTANT_CONVERSION = YES;
				CLANG_WARN_DEPRECATED_OBJC_IMPLEMENTATIONS = YES;
				CLANG_WARN_DIRECT_OBJC_ISA_USAGE = YES_ERROR;
				CLANG_WARN_DOCUMENTATION_COMMENTS = YES;
				CLANG_WARN_EMPTY_BODY = YES;
				CLANG_WARN_ENUM_CONVERSION = YES;
				CLANG_WARN_INFINITE_RECURSION = YES;
				CLANG_WARN_INT_CONVERSION = YES;
				CLANG_WARN_NON_LITERAL_NULL_CONVERSION = YES;
				CLANG_WARN_OBJC_IMPLICIT_RETAIN_SELF = YES;
				CLANG_WARN_OBJC_LITERAL_CONVERSION = YES;
				CLANG_WARN_OBJC_ROOT_CLASS = YES_ERROR;
				CLANG_WARN_QUOTED_INCLUDE_IN_FRAMEWORK_HEADER = YES;
				CLANG_WARN_RANGE_LOOP_ANALYSIS = YES;
				CLANG_WARN_STRICT_PROTOTYPES = YES;
				CLANG_WARN_SUSPICIOUS_MOVE = YES;
				CLANG_WARN_UNGUARDED_AVAILABILITY = YES_AGGRESSIVE;
				CLANG_WARN_UNREACHABLE_CODE = YES;
				CLANG_WARN__DUPLICATE_METHOD_MATCH = YES;
				COPY_PHASE_STRIP = NO;
				DEBUG_INFORMATION_FORMAT = "dwarf-with-dsym";
				ENABLE_NS_ASSERTIONS = NO;
				ENABLE_STRICT_OBJC_MSGSEND = YES;
				GCC_C_LANGUAGE_STANDARD = gnu11;
				GCC_NO_COMMON_BLOCKS = YES;
				GCC_WARN_64_TO_32_BIT_CONVERSION = YES;
				GCC_WARN_ABOUT_RETURN_TYPE = YES_ERROR;
				GCC_WARN_UNDECLARED_SELECTOR = YES;
				GCC_WARN_UNINITIALIZED_AUTOS = YES_AGGRESSIVE;
				GCC_WARN_UNUSED_FUNCTION = YES;
				GCC_WARN_UNUSED_VARIABLE = YES;
				IPHONEOS_DEPLOYMENT_TARGET = 14.0;
				MTL_ENABLE_DEBUG_INFO = NO;
				MTL_FAST_MATH = YES;
				SDKROOT = iphoneos;
				SWIFT_COMPILATION_MODE = wholemodule;
				SWIFT_OPTIMIZATION_LEVEL = "-O";
				VALIDATE_PRODUCT = YES;
			};
			name = Release;
		};
		3A163F762816AC0600354250 /* Debug */ = {
			isa = XCBuildConfiguration;
			buildSettings = {
				ASSETCATALOG_COMPILER_APPICON_NAME = AppIcon;
				ASSETCATALOG_COMPILER_GLOBAL_ACCENT_COLOR_NAME = AccentColor;
				CODE_SIGN_STYLE = Automatic;
				CURRENT_PROJECT_VERSION = 1;
				DEVELOPMENT_TEAM = 422DS4C7GA;
				GENERATE_INFOPLIST_FILE = YES;
				INFOPLIST_FILE = Instafetcher/Info.plist;
				INFOPLIST_KEY_UIApplicationSupportsIndirectInputEvents = YES;
				INFOPLIST_KEY_UILaunchStoryboardName = LaunchScreen;
				INFOPLIST_KEY_UISupportedInterfaceOrientations_iPad = "UIInterfaceOrientationPortrait UIInterfaceOrientationPortraitUpsideDown UIInterfaceOrientationLandscapeLeft UIInterfaceOrientationLandscapeRight";
				INFOPLIST_KEY_UISupportedInterfaceOrientations_iPhone = "UIInterfaceOrientationPortrait UIInterfaceOrientationLandscapeLeft UIInterfaceOrientationLandscapeRight";
				LD_RUNPATH_SEARCH_PATHS = (
					"$(inherited)",
					"@executable_path/Frameworks",
				);
				MARKETING_VERSION = 1.0;
				PRODUCT_BUNDLE_IDENTIFIER = senla.igorpenkin.Instafetcher;
				PRODUCT_NAME = "$(TARGET_NAME)";
				SWIFT_EMIT_LOC_STRINGS = YES;
				SWIFT_VERSION = 5.0;
				TARGETED_DEVICE_FAMILY = "1,2";
			};
			name = Debug;
		};
		3A163F772816AC0600354250 /* Release */ = {
			isa = XCBuildConfiguration;
			buildSettings = {
				ASSETCATALOG_COMPILER_APPICON_NAME = AppIcon;
				ASSETCATALOG_COMPILER_GLOBAL_ACCENT_COLOR_NAME = AccentColor;
				CODE_SIGN_STYLE = Automatic;
				CURRENT_PROJECT_VERSION = 1;
				DEVELOPMENT_TEAM = 422DS4C7GA;
				GENERATE_INFOPLIST_FILE = YES;
				INFOPLIST_FILE = Instafetcher/Info.plist;
				INFOPLIST_KEY_UIApplicationSupportsIndirectInputEvents = YES;
				INFOPLIST_KEY_UILaunchStoryboardName = LaunchScreen;
				INFOPLIST_KEY_UISupportedInterfaceOrientations_iPad = "UIInterfaceOrientationPortrait UIInterfaceOrientationPortraitUpsideDown UIInterfaceOrientationLandscapeLeft UIInterfaceOrientationLandscapeRight";
				INFOPLIST_KEY_UISupportedInterfaceOrientations_iPhone = "UIInterfaceOrientationPortrait UIInterfaceOrientationLandscapeLeft UIInterfaceOrientationLandscapeRight";
				LD_RUNPATH_SEARCH_PATHS = (
					"$(inherited)",
					"@executable_path/Frameworks",
				);
				MARKETING_VERSION = 1.0;
				PRODUCT_BUNDLE_IDENTIFIER = senla.igorpenkin.Instafetcher;
				PRODUCT_NAME = "$(TARGET_NAME)";
				SWIFT_EMIT_LOC_STRINGS = YES;
				SWIFT_VERSION = 5.0;
				TARGETED_DEVICE_FAMILY = "1,2";
			};
			name = Release;
		};
/* End XCBuildConfiguration section */

/* Begin XCConfigurationList section */
		3A163F5C2816AC0500354250 /* Build configuration list for PBXProject "Instafetcher" */ = {
			isa = XCConfigurationList;
			buildConfigurations = (
				3A163F732816AC0600354250 /* Debug */,
				3A163F742816AC0600354250 /* Release */,
			);
			defaultConfigurationIsVisible = 0;
			defaultConfigurationName = Release;
		};
		3A163F752816AC0600354250 /* Build configuration list for PBXNativeTarget "Instafetcher" */ = {
			isa = XCConfigurationList;
			buildConfigurations = (
				3A163F762816AC0600354250 /* Debug */,
				3A163F772816AC0600354250 /* Release */,
			);
			defaultConfigurationIsVisible = 0;
			defaultConfigurationName = Release;
		};
/* End XCConfigurationList section */
	};
	rootObject = 3A163F592816AC0500354250 /* Project object */;
}
